// !$*UTF8*$!
{
	archiveVersion = 1;
	classes = {
	};
	objectVersion = 46;
	objects = {

/* Begin PBXBuildFile section */
		C1E1AEB61CC16CC3009ECBE3 /* main.swift in Sources */ = {isa = PBXBuildFile; fileRef = C1E1AEB51CC16CC3009ECBE3 /* main.swift */; };
		C1E1AEBD1CC16CE4009ECBE3 /* Neuron.swift in Sources */ = {isa = PBXBuildFile; fileRef = C1E1AEBC1CC16CE4009ECBE3 /* Neuron.swift */; };
/* End PBXBuildFile section */

/* Begin PBXCopyFilesBuildPhase section */
		C1E1AEB01CC16CC3009ECBE3 /* CopyFiles */ = {
			isa = PBXCopyFilesBuildPhase;
			buildActionMask = 2147483647;
			dstPath = /usr/share/man/man1/;
			dstSubfolderSpec = 0;
			files = (
			);
			runOnlyForDeploymentPostprocessing = 1;
		};
/* End PBXCopyFilesBuildPhase section */

/* Begin PBXFileReference section */
		C1E1AEB21CC16CC3009ECBE3 /* Neuron */ = {isa = PBXFileReference; explicitFileType = "compiled.mach-o.executable"; includeInIndex = 0; path = Neuron; sourceTree = BUILT_PRODUCTS_DIR; };
		C1E1AEB51CC16CC3009ECBE3 /* main.swift */ = {isa = PBXFileReference; lastKnownFileType = sourcecode.swift; path = main.swift; sourceTree = "<group>"; };
		C1E1AEBC1CC16CE4009ECBE3 /* Neuron.swift */ = {isa = PBXFileReference; fileEncoding = 4; lastKnownFileType = sourcecode.swift; path = Neuron.swift; sourceTree = "<group>"; };
/* End PBXFileReference section */

/* Begin PBXFrameworksBuildPhase section */
		C1E1AEAF1CC16CC3009ECBE3 /* Frameworks */ = {
			isa = PBXFrameworksBuildPhase;
			buildActionMask = 2147483647;
			files = (
			);
			runOnlyForDeploymentPostprocessing = 0;
		};
/* End PBXFrameworksBuildPhase section */

/* Begin PBXGroup section */
		C1E1AEA91CC16CC3009ECBE3 = {
			isa = PBXGroup;
			children = (
				C1E1AEB41CC16CC3009ECBE3 /* Neuron */,
				C1E1AEB31CC16CC3009ECBE3 /* Products */,
			);
			sourceTree = "<group>";
		};
		C1E1AEB31CC16CC3009ECBE3 /* Products */ = {
			isa = PBXGroup;
			children = (
				C1E1AEB21CC16CC3009ECBE3 /* Neuron */,
			);
			name = Products;
			sourceTree = "<group>";
		};
		C1E1AEB41CC16CC3009ECBE3 /* Neuron */ = {
			isa = PBXGroup;
			children = (
				C1E1AEB51CC16CC3009ECBE3 /* main.swift */,
				C1E1AEBC1CC16CE4009ECBE3 /* Neuron.swift */,
			);
			path = Neuron;
			sourceTree = "<group>";
		};
/* End PBXGroup section */

/* Begin PBXNativeTarget section */
		C1E1AEB11CC16CC3009ECBE3 /* Neuron */ = {
			isa = PBXNativeTarget;
			buildConfigurationList = C1E1AEB91CC16CC3009ECBE3 /* Build configuration list for PBXNativeTarget "Neuron" */;
			buildPhases = (
				C1E1AEAE1CC16CC3009ECBE3 /* Sources */,
				C1E1AEAF1CC16CC3009ECBE3 /* Frameworks */,
				C1E1AEB01CC16CC3009ECBE3 /* CopyFiles */,
			);
			buildRules = (
			);
			dependencies = (
			);
			name = Neuron;
			productName = Neuron;
			productReference = C1E1AEB21CC16CC3009ECBE3 /* Neuron */;
			productType = "com.apple.product-type.tool";
		};
/* End PBXNativeTarget section */

/* Begin PBXProject section */
		C1E1AEAA1CC16CC3009ECBE3 /* Project object */ = {
			isa = PBXProject;
			attributes = {
				LastSwiftUpdateCheck = 0730;
				LastUpgradeCheck = 0730;
				ORGANIZATIONNAME = "Piotr Pawluś";
				TargetAttributes = {
					C1E1AEB11CC16CC3009ECBE3 = {
						CreatedOnToolsVersion = 7.3;
					};
				};
			};
			buildConfigurationList = C1E1AEAD1CC16CC3009ECBE3 /* Build configuration list for PBXProject "Neuron" */;
			compatibilityVersion = "Xcode 3.2";
			developmentRegion = English;
			hasScannedForEncodings = 0;
			knownRegions = (
				en,
			);
			mainGroup = C1E1AEA91CC16CC3009ECBE3;
			productRefGroup = C1E1AEB31CC16CC3009ECBE3 /* Products */;
			projectDirPath = "";
			projectRoot = "";
			targets = (
				C1E1AEB11CC16CC3009ECBE3 /* Neuron */,
			);
		};
/* End PBXProject section */

/* Begin PBXSourcesBuildPhase section */
		C1E1AEAE1CC16CC3009ECBE3 /* Sources */ = {
			isa = PBXSourcesBuildPhase;
			buildActionMask = 2147483647;
			files = (
				C1E1AEBD1CC16CE4009ECBE3 /* Neuron.swift in Sources */,
				C1E1AEB61CC16CC3009ECBE3 /* main.swift in Sources */,
			);
			runOnlyForDeploymentPostprocessing = 0;
		};
/* End PBXSourcesBuildPhase section */

/* Begin XCBuildConfiguration section */
		C1E1AEB71CC16CC3009ECBE3 /* Debug */ = {
			isa = XCBuildConfiguration;
			buildSettings = {
				ALWAYS_SEARCH_USER_PATHS = NO;
				CLANG_ANALYZER_NONNULL = YES;
				CLANG_CXX_LANGUAGE_STANDARD = "gnu++0x";
				CLANG_CXX_LIBRARY = "libc++";
				CLANG_ENABLE_MODULES = YES;
				CLANG_ENABLE_OBJC_ARC = YES;
				CLANG_WARN_BOOL_CONVERSION = YES;
				CLANG_WARN_CONSTANT_CONVERSION = YES;
				CLANG_WARN_DIRECT_OBJC_ISA_USAGE = YES_ERROR;
				CLANG_WARN_EMPTY_BODY = YES;
				CLANG_WARN_ENUM_CONVERSION = YES;
				CLANG_WARN_INT_CONVERSION = YES;
				CLANG_WARN_OBJC_ROOT_CLASS = YES_ERROR;
				CLANG_WARN_UNREACHABLE_CODE = YES;
				CLANG_WARN__DUPLICATE_METHOD_MATCH = YES;
				CODE_SIGN_IDENTITY = "-";
				COPY_PHASE_STRIP = NO;
				DEBUG_INFORMATION_FORMAT = dwarf;
				ENABLE_STRICT_OBJC_MSGSEND = YES;
				ENABLE_TESTABILITY = YES;
				GCC_C_LANGUAGE_STANDARD = gnu99;
				GCC_DYNAMIC_NO_PIC = NO;
				GCC_NO_COMMON_BLOCKS = YES;
				GCC_OPTIMIZATION_LEVEL = 0;
				GCC_PREPROCESSOR_DEFINITIONS = (
					"DEBUG=1",
					"$(inherited)",
				);
				GCC_WARN_64_TO_32_BIT_CONVERSION = YES;
				GCC_WARN_ABOUT_RETURN_TYPE = YES_ERROR;
				GCC_WARN_UNDECLARED_SELECTOR = YES;
				GCC_WARN_UNINITIALIZED_AUTOS = YES_AGGRESSIVE;
				GCC_WARN_UNUSED_FUNCTION = YES;
				GCC_WARN_UNUSED_VARIABLE = YES;
				MACOSX_DEPLOYMENT_TARGET = 10.11;
				MTL_ENABLE_DEBUG_INFO = YES;
				ONLY_ACTIVE_ARCH = YES;
				SDKROOT = macosx;
				SWIFT_OPTIMIZATION_LEVEL = "-Onone";
			};
			name = Debug;
		};
		C1E1AEB81CC16CC3009ECBE3 /* Release */ = {
			isa = XCBuildConfiguration;
			buildSettings = {
				ALWAYS_SEARCH_USER_PATHS = NO;
				CLANG_ANALYZER_NONNULL = YES;
				CLANG_CXX_LANGUAGE_STANDARD = "gnu++0x";
				CLANG_CXX_LIBRARY = "libc++";
				CLANG_ENABLE_MODULES = YES;
				CLANG_ENABLE_OBJC_ARC = YES;
				CLANG_WARN_BOOL_CONVERSION = YES;
				CLANG_WARN_CONSTANT_CONVERSION = YES;
				CLANG_WARN_DIRECT_OBJC_ISA_USAGE = YES_ERROR;
				CLANG_WARN_EMPTY_BODY = YES;
				CLANG_WARN_ENUM_CONVERSION = YES;
				CLANG_WARN_INT_CONVERSION = YES;
				CLANG_WARN_OBJC_ROOT_CLASS = YES_ERROR;
				CLANG_WARN_UNREACHABLE_CODE = YES;
				CLANG_WARN__DUPLICATE_METHOD_MATCH = YES;
				CODE_SIGN_IDENTITY = "-";
				COPY_PHASE_STRIP = NO;
				DEBUG_INFORMATION_FORMAT = "dwarf-with-dsym";
				ENABLE_NS_ASSERTIONS = NO;
				ENABLE_STRICT_OBJC_MSGSEND = YES;
				GCC_C_LANGUAGE_STANDARD = gnu99;
				GCC_NO_COMMON_BLOCKS = YES;
				GCC_WARN_64_TO_32_BIT_CONVERSION = YES;
				GCC_WARN_ABOUT_RETURN_TYPE = YES_ERROR;
				GCC_WARN_UNDECLARED_SELECTOR = YES;
				GCC_WARN_UNINITIALIZED_AUTOS = YES_AGGRESSIVE;
				GCC_WARN_UNUSED_FUNCTION = YES;
				GCC_WARN_UNUSED_VARIABLE = YES;
				MACOSX_DEPLOYMENT_TARGET = 10.11;
				MTL_ENABLE_DEBUG_INFO = NO;
				SDKROOT = macosx;
			};
			name = Release;
		};
		C1E1AEBA1CC16CC3009ECBE3 /* Debug */ = {
			isa = XCBuildConfiguration;
			buildSettings = {
				PRODUCT_NAME = "$(TARGET_NAME)";
			};
			name = Debug;
		};
		C1E1AEBB1CC16CC3009ECBE3 /* Release */ = {
			isa = XCBuildConfiguration;
			buildSettings = {
				PRODUCT_NAME = "$(TARGET_NAME)";
			};
			name = Release;
		};
/* End XCBuildConfiguration section */

/* Begin XCConfigurationList section */
		C1E1AEAD1CC16CC3009ECBE3 /* Build configuration list for PBXProject "Neuron" */ = {
			isa = XCConfigurationList;
			buildConfigurations = (
				C1E1AEB71CC16CC3009ECBE3 /* Debug */,
				C1E1AEB81CC16CC3009ECBE3 /* Release */,
			);
			defaultConfigurationIsVisible = 0;
			defaultConfigurationName = Release;
		};
		C1E1AEB91CC16CC3009ECBE3 /* Build configuration list for PBXNativeTarget "Neuron" */ = {
			isa = XCConfigurationList;
			buildConfigurations = (
				C1E1AEBA1CC16CC3009ECBE3 /* Debug */,
				C1E1AEBB1CC16CC3009ECBE3 /* Release */,
			);
			defaultConfigurationIsVisible = 0;
		};
/* End XCConfigurationList section */
	};
	rootObject = C1E1AEAA1CC16CC3009ECBE3 /* Project object */;
}
